// !$*UTF8*$!
{
	archiveVersion = 1;
	classes = {
	};
	objectVersion = 46;
	objects = {

/* Begin PBXBuildFile section */
		43B4D3171932AB8C00FF6AE4 /* Foundation.framework in Frameworks */ = {isa = PBXBuildFile; fileRef = 43B4D3161932AB8C00FF6AE4 /* Foundation.framework */; };
		43B4D3191932AB8C00FF6AE4 /* CoreGraphics.framework in Frameworks */ = {isa = PBXBuildFile; fileRef = 43B4D3181932AB8C00FF6AE4 /* CoreGraphics.framework */; };
		43B4D31B1932AB8C00FF6AE4 /* UIKit.framework in Frameworks */ = {isa = PBXBuildFile; fileRef = 43B4D31A1932AB8C00FF6AE4 /* UIKit.framework */; };
		43B4D3211932AB8C00FF6AE4 /* InfoPlist.strings in Resources */ = {isa = PBXBuildFile; fileRef = 43B4D31F1932AB8C00FF6AE4 /* InfoPlist.strings */; };
		43B4D3231932AB8C00FF6AE4 /* main.m in Sources */ = {isa = PBXBuildFile; fileRef = 43B4D3221932AB8C00FF6AE4 /* main.m */; };
		43B4D3271932AB8C00FF6AE4 /* AppDelegate.m in Sources */ = {isa = PBXBuildFile; fileRef = 43B4D3261932AB8C00FF6AE4 /* AppDelegate.m */; };
		43B4D3291932AB8C00FF6AE4 /* Images.xcassets in Resources */ = {isa = PBXBuildFile; fileRef = 43B4D3281932AB8C00FF6AE4 /* Images.xcassets */; };
		43B4D3301932AB8C00FF6AE4 /* XCTest.framework in Frameworks */ = {isa = PBXBuildFile; fileRef = 43B4D32F1932AB8C00FF6AE4 /* XCTest.framework */; };
		43B4D3311932AB8C00FF6AE4 /* Foundation.framework in Frameworks */ = {isa = PBXBuildFile; fileRef = 43B4D3161932AB8C00FF6AE4 /* Foundation.framework */; };
		43B4D3321932AB8C00FF6AE4 /* UIKit.framework in Frameworks */ = {isa = PBXBuildFile; fileRef = 43B4D31A1932AB8C00FF6AE4 /* UIKit.framework */; };
		43B4D33A1932AB8C00FF6AE4 /* InfoPlist.strings in Resources */ = {isa = PBXBuildFile; fileRef = 43B4D3381932AB8C00FF6AE4 /* InfoPlist.strings */; };
		43B4D33C1932AB8C00FF6AE4 /* DemoTests.m in Sources */ = {isa = PBXBuildFile; fileRef = 43B4D33B1932AB8C00FF6AE4 /* DemoTests.m */; };
		43B4D3481932ABAE00FF6AE4 /* MainViewController.m in Sources */ = {isa = PBXBuildFile; fileRef = 43B4D3461932ABAE00FF6AE4 /* MainViewController.m */; };
		43B4D3491932ABAE00FF6AE4 /* MainViewController.xib in Resources */ = {isa = PBXBuildFile; fileRef = 43B4D3471932ABAE00FF6AE4 /* MainViewController.xib */; };
		43B4D3511932B9C500FF6AE4 /* JACProgressLabel.m in Sources */ = {isa = PBXBuildFile; fileRef = 43B4D3501932B9C500FF6AE4 /* JACProgressLabel.m */; };
		43B4D3551932CDA600FF6AE4 /* UIColor+MLPFlatColors.m in Sources */ = {isa = PBXBuildFile; fileRef = 43B4D3541932CDA600FF6AE4 /* UIColor+MLPFlatColors.m */; };
/* End PBXBuildFile section */

/* Begin PBXContainerItemProxy section */
		43B4D3331932AB8C00FF6AE4 /* PBXContainerItemProxy */ = {
			isa = PBXContainerItemProxy;
			containerPortal = 43B4D30B1932AB8C00FF6AE4 /* Project object */;
			proxyType = 1;
			remoteGlobalIDString = 43B4D3121932AB8C00FF6AE4;
			remoteInfo = Demo;
		};
/* End PBXContainerItemProxy section */

/* Begin PBXFileReference section */
		43B4D3131932AB8C00FF6AE4 /* Demo.app */ = {isa = PBXFileReference; explicitFileType = wrapper.application; includeInIndex = 0; path = Demo.app; sourceTree = BUILT_PRODUCTS_DIR; };
		43B4D3161932AB8C00FF6AE4 /* Foundation.framework */ = {isa = PBXFileReference; lastKnownFileType = wrapper.framework; name = Foundation.framework; path = System/Library/Frameworks/Foundation.framework; sourceTree = SDKROOT; };
		43B4D3181932AB8C00FF6AE4 /* CoreGraphics.framework */ = {isa = PBXFileReference; lastKnownFileType = wrapper.framework; name = CoreGraphics.framework; path = System/Library/Frameworks/CoreGraphics.framework; sourceTree = SDKROOT; };
		43B4D31A1932AB8C00FF6AE4 /* UIKit.framework */ = {isa = PBXFileReference; lastKnownFileType = wrapper.framework; name = UIKit.framework; path = System/Library/Frameworks/UIKit.framework; sourceTree = SDKROOT; };
		43B4D31E1932AB8C00FF6AE4 /* Demo-Info.plist */ = {isa = PBXFileReference; lastKnownFileType = text.plist.xml; path = "Demo-Info.plist"; sourceTree = "<group>"; };
		43B4D3201932AB8C00FF6AE4 /* en */ = {isa = PBXFileReference; lastKnownFileType = text.plist.strings; name = en; path = en.lproj/InfoPlist.strings; sourceTree = "<group>"; };
		43B4D3221932AB8C00FF6AE4 /* main.m */ = {isa = PBXFileReference; lastKnownFileType = sourcecode.c.objc; path = main.m; sourceTree = "<group>"; };
		43B4D3241932AB8C00FF6AE4 /* Demo-Prefix.pch */ = {isa = PBXFileReference; lastKnownFileType = sourcecode.c.h; path = "Demo-Prefix.pch"; sourceTree = "<group>"; };
		43B4D3251932AB8C00FF6AE4 /* AppDelegate.h */ = {isa = PBXFileReference; lastKnownFileType = sourcecode.c.h; path = AppDelegate.h; sourceTree = "<group>"; };
		43B4D3261932AB8C00FF6AE4 /* AppDelegate.m */ = {isa = PBXFileReference; lastKnownFileType = sourcecode.c.objc; path = AppDelegate.m; sourceTree = "<group>"; };
		43B4D3281932AB8C00FF6AE4 /* Images.xcassets */ = {isa = PBXFileReference; lastKnownFileType = folder.assetcatalog; path = Images.xcassets; sourceTree = "<group>"; };
		43B4D32E1932AB8C00FF6AE4 /* DemoTests.xctest */ = {isa = PBXFileReference; explicitFileType = wrapper.cfbundle; includeInIndex = 0; path = DemoTests.xctest; sourceTree = BUILT_PRODUCTS_DIR; };
		43B4D32F1932AB8C00FF6AE4 /* XCTest.framework */ = {isa = PBXFileReference; lastKnownFileType = wrapper.framework; name = XCTest.framework; path = Library/Frameworks/XCTest.framework; sourceTree = DEVELOPER_DIR; };
		43B4D3371932AB8C00FF6AE4 /* DemoTests-Info.plist */ = {isa = PBXFileReference; lastKnownFileType = text.plist.xml; path = "DemoTests-Info.plist"; sourceTree = "<group>"; };
		43B4D3391932AB8C00FF6AE4 /* en */ = {isa = PBXFileReference; lastKnownFileType = text.plist.strings; name = en; path = en.lproj/InfoPlist.strings; sourceTree = "<group>"; };
		43B4D33B1932AB8C00FF6AE4 /* DemoTests.m */ = {isa = PBXFileReference; lastKnownFileType = sourcecode.c.objc; path = DemoTests.m; sourceTree = "<group>"; };
		43B4D3451932ABAE00FF6AE4 /* MainViewController.h */ = {isa = PBXFileReference; fileEncoding = 4; lastKnownFileType = sourcecode.c.h; path = MainViewController.h; sourceTree = "<group>"; };
		43B4D3461932ABAE00FF6AE4 /* MainViewController.m */ = {isa = PBXFileReference; fileEncoding = 4; lastKnownFileType = sourcecode.c.objc; path = MainViewController.m; sourceTree = "<group>"; };
		43B4D3471932ABAE00FF6AE4 /* MainViewController.xib */ = {isa = PBXFileReference; fileEncoding = 4; lastKnownFileType = file.xib; path = MainViewController.xib; sourceTree = "<group>"; };
		43B4D34F1932B9C500FF6AE4 /* JACProgressLabel.h */ = {isa = PBXFileReference; fileEncoding = 4; lastKnownFileType = sourcecode.c.h; path = JACProgressLabel.h; sourceTree = "<group>"; };
		43B4D3501932B9C500FF6AE4 /* JACProgressLabel.m */ = {isa = PBXFileReference; fileEncoding = 4; lastKnownFileType = sourcecode.c.objc; path = JACProgressLabel.m; sourceTree = "<group>"; };
		43B4D3531932CDA600FF6AE4 /* UIColor+MLPFlatColors.h */ = {isa = PBXFileReference; fileEncoding = 4; lastKnownFileType = sourcecode.c.h; path = "UIColor+MLPFlatColors.h"; sourceTree = "<group>"; };
		43B4D3541932CDA600FF6AE4 /* UIColor+MLPFlatColors.m */ = {isa = PBXFileReference; fileEncoding = 4; lastKnownFileType = sourcecode.c.objc; path = "UIColor+MLPFlatColors.m"; sourceTree = "<group>"; };
/* End PBXFileReference section */

/* Begin PBXFrameworksBuildPhase section */
		43B4D3101932AB8C00FF6AE4 /* Frameworks */ = {
			isa = PBXFrameworksBuildPhase;
			buildActionMask = 2147483647;
			files = (
				43B4D3191932AB8C00FF6AE4 /* CoreGraphics.framework in Frameworks */,
				43B4D31B1932AB8C00FF6AE4 /* UIKit.framework in Frameworks */,
				43B4D3171932AB8C00FF6AE4 /* Foundation.framework in Frameworks */,
			);
			runOnlyForDeploymentPostprocessing = 0;
		};
		43B4D32B1932AB8C00FF6AE4 /* Frameworks */ = {
			isa = PBXFrameworksBuildPhase;
			buildActionMask = 2147483647;
			files = (
				43B4D3301932AB8C00FF6AE4 /* XCTest.framework in Frameworks */,
				43B4D3321932AB8C00FF6AE4 /* UIKit.framework in Frameworks */,
				43B4D3311932AB8C00FF6AE4 /* Foundation.framework in Frameworks */,
			);
			runOnlyForDeploymentPostprocessing = 0;
		};
/* End PBXFrameworksBuildPhase section */

/* Begin PBXGroup section */
		43B4D30A1932AB8C00FF6AE4 = {
			isa = PBXGroup;
			children = (
				43B4D34E1932B9C500FF6AE4 /* JACProgressLabel */,
				43B4D31C1932AB8C00FF6AE4 /* Demo */,
				43B4D3351932AB8C00FF6AE4 /* DemoTests */,
				43B4D3151932AB8C00FF6AE4 /* Frameworks */,
				43B4D3141932AB8C00FF6AE4 /* Products */,
			);
			sourceTree = "<group>";
		};
		43B4D3141932AB8C00FF6AE4 /* Products */ = {
			isa = PBXGroup;
			children = (
				43B4D3131932AB8C00FF6AE4 /* Demo.app */,
				43B4D32E1932AB8C00FF6AE4 /* DemoTests.xctest */,
			);
			name = Products;
			sourceTree = "<group>";
		};
		43B4D3151932AB8C00FF6AE4 /* Frameworks */ = {
			isa = PBXGroup;
			children = (
				43B4D3161932AB8C00FF6AE4 /* Foundation.framework */,
				43B4D3181932AB8C00FF6AE4 /* CoreGraphics.framework */,
				43B4D31A1932AB8C00FF6AE4 /* UIKit.framework */,
				43B4D32F1932AB8C00FF6AE4 /* XCTest.framework */,
			);
			name = Frameworks;
			sourceTree = "<group>";
		};
		43B4D31C1932AB8C00FF6AE4 /* Demo */ = {
			isa = PBXGroup;
			children = (
				43B4D3251932AB8C00FF6AE4 /* AppDelegate.h */,
				43B4D3261932AB8C00FF6AE4 /* AppDelegate.m */,
				43B4D3451932ABAE00FF6AE4 /* MainViewController.h */,
				43B4D3461932ABAE00FF6AE4 /* MainViewController.m */,
				43B4D3471932ABAE00FF6AE4 /* MainViewController.xib */,
				43B4D3521932CDA600FF6AE4 /* UIColor+MLPFlatColors */,
				43B4D3281932AB8C00FF6AE4 /* Images.xcassets */,
				43B4D31D1932AB8C00FF6AE4 /* Supporting Files */,
			);
			path = Demo;
			sourceTree = "<group>";
		};
		43B4D31D1932AB8C00FF6AE4 /* Supporting Files */ = {
			isa = PBXGroup;
			children = (
				43B4D31E1932AB8C00FF6AE4 /* Demo-Info.plist */,
				43B4D31F1932AB8C00FF6AE4 /* InfoPlist.strings */,
				43B4D3221932AB8C00FF6AE4 /* main.m */,
				43B4D3241932AB8C00FF6AE4 /* Demo-Prefix.pch */,
			);
			name = "Supporting Files";
			sourceTree = "<group>";
		};
		43B4D3351932AB8C00FF6AE4 /* DemoTests */ = {
			isa = PBXGroup;
			children = (
				43B4D33B1932AB8C00FF6AE4 /* DemoTests.m */,
				43B4D3361932AB8C00FF6AE4 /* Supporting Files */,
			);
			path = DemoTests;
			sourceTree = "<group>";
		};
		43B4D3361932AB8C00FF6AE4 /* Supporting Files */ = {
			isa = PBXGroup;
			children = (
				43B4D3371932AB8C00FF6AE4 /* DemoTests-Info.plist */,
				43B4D3381932AB8C00FF6AE4 /* InfoPlist.strings */,
			);
			name = "Supporting Files";
			sourceTree = "<group>";
		};
		43B4D34E1932B9C500FF6AE4 /* JACProgressLabel */ = {
			isa = PBXGroup;
			children = (
				43B4D34F1932B9C500FF6AE4 /* JACProgressLabel.h */,
				43B4D3501932B9C500FF6AE4 /* JACProgressLabel.m */,
			);
			name = JACProgressLabel;
			path = ../JACProgressLabel;
			sourceTree = "<group>";
		};
		43B4D3521932CDA600FF6AE4 /* UIColor+MLPFlatColors */ = {
			isa = PBXGroup;
			children = (
				43B4D3531932CDA600FF6AE4 /* UIColor+MLPFlatColors.h */,
				43B4D3541932CDA600FF6AE4 /* UIColor+MLPFlatColors.m */,
			);
			path = "UIColor+MLPFlatColors";
			sourceTree = "<group>";
		};
/* End PBXGroup section */

/* Begin PBXNativeTarget section */
		43B4D3121932AB8C00FF6AE4 /* Demo */ = {
			isa = PBXNativeTarget;
			buildConfigurationList = 43B4D33F1932AB8C00FF6AE4 /* Build configuration list for PBXNativeTarget "Demo" */;
			buildPhases = (
				43B4D30F1932AB8C00FF6AE4 /* Sources */,
				43B4D3101932AB8C00FF6AE4 /* Frameworks */,
				43B4D3111932AB8C00FF6AE4 /* Resources */,
			);
			buildRules = (
			);
			dependencies = (
			);
			name = Demo;
			productName = Demo;
			productReference = 43B4D3131932AB8C00FF6AE4 /* Demo.app */;
			productType = "com.apple.product-type.application";
		};
		43B4D32D1932AB8C00FF6AE4 /* DemoTests */ = {
			isa = PBXNativeTarget;
			buildConfigurationList = 43B4D3421932AB8C00FF6AE4 /* Build configuration list for PBXNativeTarget "DemoTests" */;
			buildPhases = (
				43B4D32A1932AB8C00FF6AE4 /* Sources */,
				43B4D32B1932AB8C00FF6AE4 /* Frameworks */,
				43B4D32C1932AB8C00FF6AE4 /* Resources */,
			);
			buildRules = (
			);
			dependencies = (
				43B4D3341932AB8C00FF6AE4 /* PBXTargetDependency */,
			);
			name = DemoTests;
			productName = DemoTests;
			productReference = 43B4D32E1932AB8C00FF6AE4 /* DemoTests.xctest */;
			productType = "com.apple.product-type.bundle.unit-test";
		};
/* End PBXNativeTarget section */

/* Begin PBXProject section */
		43B4D30B1932AB8C00FF6AE4 /* Project object */ = {
			isa = PBXProject;
			attributes = {
				LastUpgradeCheck = 0510;
				ORGANIZATIONNAME = "Julio Carrettoni";
				TargetAttributes = {
					43B4D32D1932AB8C00FF6AE4 = {
						TestTargetID = 43B4D3121932AB8C00FF6AE4;
					};
				};
			};
			buildConfigurationList = 43B4D30E1932AB8C00FF6AE4 /* Build configuration list for PBXProject "Demo" */;
			compatibilityVersion = "Xcode 3.2";
			developmentRegion = English;
			hasScannedForEncodings = 0;
			knownRegions = (
				en,
			);
			mainGroup = 43B4D30A1932AB8C00FF6AE4;
			productRefGroup = 43B4D3141932AB8C00FF6AE4 /* Products */;
			projectDirPath = "";
			projectRoot = "";
			targets = (
				43B4D3121932AB8C00FF6AE4 /* Demo */,
				43B4D32D1932AB8C00FF6AE4 /* DemoTests */,
			);
		};
/* End PBXProject section */

/* Begin PBXResourcesBuildPhase section */
		43B4D3111932AB8C00FF6AE4 /* Resources */ = {
			isa = PBXResourcesBuildPhase;
			buildActionMask = 2147483647;
			files = (
				43B4D3211932AB8C00FF6AE4 /* InfoPlist.strings in Resources */,
				43B4D3491932ABAE00FF6AE4 /* MainViewController.xib in Resources */,
				43B4D3291932AB8C00FF6AE4 /* Images.xcassets in Resources */,
			);
			runOnlyForDeploymentPostprocessing = 0;
		};
		43B4D32C1932AB8C00FF6AE4 /* Resources */ = {
			isa = PBXResourcesBuildPhase;
			buildActionMask = 2147483647;
			files = (
				43B4D33A1932AB8C00FF6AE4 /* InfoPlist.strings in Resources */,
			);
			runOnlyForDeploymentPostprocessing = 0;
		};
/* End PBXResourcesBuildPhase section */

/* Begin PBXSourcesBuildPhase section */
		43B4D30F1932AB8C00FF6AE4 /* Sources */ = {
			isa = PBXSourcesBuildPhase;
			buildActionMask = 2147483647;
			files = (
				43B4D3551932CDA600FF6AE4 /* UIColor+MLPFlatColors.m in Sources */,
				43B4D3511932B9C500FF6AE4 /* JACProgressLabel.m in Sources */,
				43B4D3271932AB8C00FF6AE4 /* AppDelegate.m in Sources */,
				43B4D3481932ABAE00FF6AE4 /* MainViewController.m in Sources */,
				43B4D3231932AB8C00FF6AE4 /* main.m in Sources */,
			);
			runOnlyForDeploymentPostprocessing = 0;
		};
		43B4D32A1932AB8C00FF6AE4 /* Sources */ = {
			isa = PBXSourcesBuildPhase;
			buildActionMask = 2147483647;
			files = (
				43B4D33C1932AB8C00FF6AE4 /* DemoTests.m in Sources */,
			);
			runOnlyForDeploymentPostprocessing = 0;
		};
/* End PBXSourcesBuildPhase section */

/* Begin PBXTargetDependency section */
		43B4D3341932AB8C00FF6AE4 /* PBXTargetDependency */ = {
			isa = PBXTargetDependency;
			target = 43B4D3121932AB8C00FF6AE4 /* Demo */;
			targetProxy = 43B4D3331932AB8C00FF6AE4 /* PBXContainerItemProxy */;
		};
/* End PBXTargetDependency section */

/* Begin PBXVariantGroup section */
		43B4D31F1932AB8C00FF6AE4 /* InfoPlist.strings */ = {
			isa = PBXVariantGroup;
			children = (
				43B4D3201932AB8C00FF6AE4 /* en */,
			);
			name = InfoPlist.strings;
			sourceTree = "<group>";
		};
		43B4D3381932AB8C00FF6AE4 /* InfoPlist.strings */ = {
			isa = PBXVariantGroup;
			children = (
				43B4D3391932AB8C00FF6AE4 /* en */,
			);
			name = InfoPlist.strings;
			sourceTree = "<group>";
		};
/* End PBXVariantGroup section */

/* Begin XCBuildConfiguration section */
		43B4D33D1932AB8C00FF6AE4 /* Debug */ = {
			isa = XCBuildConfiguration;
			buildSettings = {
				ALWAYS_SEARCH_USER_PATHS = NO;
				CLANG_CXX_LANGUAGE_STANDARD = "gnu++0x";
				CLANG_CXX_LIBRARY = "libc++";
				CLANG_ENABLE_MODULES = YES;
				CLANG_ENABLE_OBJC_ARC = YES;
				CLANG_WARN_BOOL_CONVERSION = YES;
				CLANG_WARN_CONSTANT_CONVERSION = YES;
				CLANG_WARN_DIRECT_OBJC_ISA_USAGE = YES_ERROR;
				CLANG_WARN_EMPTY_BODY = YES;
				CLANG_WARN_ENUM_CONVERSION = YES;
				CLANG_WARN_INT_CONVERSION = YES;
				CLANG_WARN_OBJC_ROOT_CLASS = YES_ERROR;
				CLANG_WARN__DUPLICATE_METHOD_MATCH = YES;
				"CODE_SIGN_IDENTITY[sdk=iphoneos*]" = "iPhone Developer";
				COPY_PHASE_STRIP = NO;
				GCC_C_LANGUAGE_STANDARD = gnu99;
				GCC_DYNAMIC_NO_PIC = NO;
				GCC_OPTIMIZATION_LEVEL = 0;
				GCC_PREPROCESSOR_DEFINITIONS = (
					"DEBUG=1",
					"$(inherited)",
				);
				GCC_SYMBOLS_PRIVATE_EXTERN = NO;
				GCC_WARN_64_TO_32_BIT_CONVERSION = YES;
				GCC_WARN_ABOUT_RETURN_TYPE = YES_ERROR;
				GCC_WARN_UNDECLARED_SELECTOR = YES;
				GCC_WARN_UNINITIALIZED_AUTOS = YES_AGGRESSIVE;
				GCC_WARN_UNUSED_FUNCTION = YES;
				GCC_WARN_UNUSED_VARIABLE = YES;
				IPHONEOS_DEPLOYMENT_TARGET = 7.1;
				ONLY_ACTIVE_ARCH = YES;
				SDKROOT = iphoneos;
			};
			name = Debug;
		};
		43B4D33E1932AB8C00FF6AE4 /* Release */ = {
			isa = XCBuildConfiguration;
			buildSettings = {
				ALWAYS_SEARCH_USER_PATHS = NO;
				CLANG_CXX_LANGUAGE_STANDARD = "gnu++0x";
				CLANG_CXX_LIBRARY = "libc++";
				CLANG_ENABLE_MODULES = YES;
				CLANG_ENABLE_OBJC_ARC = YES;
				CLANG_WARN_BOOL_CONVERSION = YES;
				CLANG_WARN_CONSTANT_CONVERSION = YES;
				CLANG_WARN_DIRECT_OBJC_ISA_USAGE = YES_ERROR;
				CLANG_WARN_EMPTY_BODY = YES;
				CLANG_WARN_ENUM_CONVERSION = YES;
				CLANG_WARN_INT_CONVERSION = YES;
				CLANG_WARN_OBJC_ROOT_CLASS = YES_ERROR;
				CLANG_WARN__DUPLICATE_METHOD_MATCH = YES;
				"CODE_SIGN_IDENTITY[sdk=iphoneos*]" = "iPhone Developer";
				COPY_PHASE_STRIP = YES;
				ENABLE_NS_ASSERTIONS = NO;
				GCC_C_LANGUAGE_STANDARD = gnu99;
				GCC_WARN_64_TO_32_BIT_CONVERSION = YES;
				GCC_WARN_ABOUT_RETURN_TYPE = YES_ERROR;
				GCC_WARN_UNDECLARED_SELECTOR = YES;
				GCC_WARN_UNINITIALIZED_AUTOS = YES_AGGRESSIVE;
				GCC_WARN_UNUSED_FUNCTION = YES;
				GCC_WARN_UNUSED_VARIABLE = YES;
				IPHONEOS_DEPLOYMENT_TARGET = 7.1;
				SDKROOT = iphoneos;
				VALIDATE_PRODUCT = YES;
			};
			name = Release;
		};
		43B4D3401932AB8C00FF6AE4 /* Debug */ = {
			isa = XCBuildConfiguration;
			buildSettings = {
				ASSETCATALOG_COMPILER_APPICON_NAME = AppIcon;
				ASSETCATALOG_COMPILER_LAUNCHIMAGE_NAME = LaunchImage;
				GCC_PRECOMPILE_PREFIX_HEADER = YES;
				GCC_PREFIX_HEADER = "Demo/Demo-Prefix.pch";
				INFOPLIST_FILE = "Demo/Demo-Info.plist";
				PRODUCT_NAME = "$(TARGET_NAME)";
				WRAPPER_EXTENSION = app;
			};
			name = Debug;
		};
		43B4D3411932AB8C00FF6AE4 /* Release */ = {
			isa = XCBuildConfiguration;
			buildSettings = {
				ASSETCATALOG_COMPILER_APPICON_NAME = AppIcon;
				ASSETCATALOG_COMPILER_LAUNCHIMAGE_NAME = LaunchImage;
				GCC_PRECOMPILE_PREFIX_HEADER = YES;
				GCC_PREFIX_HEADER = "Demo/Demo-Prefix.pch";
				INFOPLIST_FILE = "Demo/Demo-Info.plist";
				PRODUCT_NAME = "$(TARGET_NAME)";
				WRAPPER_EXTENSION = app;
			};
			name = Release;
		};
		43B4D3431932AB8C00FF6AE4 /* Debug */ = {
			isa = XCBuildConfiguration;
			buildSettings = {
				BUNDLE_LOADER = "$(BUILT_PRODUCTS_DIR)/Demo.app/Demo";
				FRAMEWORK_SEARCH_PATHS = (
					"$(SDKROOT)/Developer/Library/Frameworks",
					"$(inherited)",
					"$(DEVELOPER_FRAMEWORKS_DIR)",
				);
				GCC_PRECOMPILE_PREFIX_HEADER = YES;
				GCC_PREFIX_HEADER = "Demo/Demo-Prefix.pch";
				GCC_PREPROCESSOR_DEFINITIONS = (
					"DEBUG=1",
					"$(inherited)",
				);
				INFOPLIST_FILE = "DemoTests/DemoTests-Info.plist";
				PRODUCT_NAME = "$(TARGET_NAME)";
				TEST_HOST = "$(BUNDLE_LOADER)";
				WRAPPER_EXTENSION = xctest;
			};
			name = Debug;
		};
		43B4D3441932AB8C00FF6AE4 /* Release */ = {
			isa = XCBuildConfiguration;
			buildSettings = {
				BUNDLE_LOADER = "$(BUILT_PRODUCTS_DIR)/Demo.app/Demo";
				FRAMEWORK_SEARCH_PATHS = (
					"$(SDKROOT)/Developer/Library/Frameworks",
					"$(inherited)",
					"$(DEVELOPER_FRAMEWORKS_DIR)",
				);
				GCC_PRECOMPILE_PREFIX_HEADER = YES;
				GCC_PREFIX_HEADER = "Demo/Demo-Prefix.pch";
				INFOPLIST_FILE = "DemoTests/DemoTests-Info.plist";
				PRODUCT_NAME = "$(TARGET_NAME)";
				TEST_HOST = "$(BUNDLE_LOADER)";
				WRAPPER_EXTENSION = xctest;
			};
			name = Release;
		};
/* End XCBuildConfiguration section */

/* Begin XCConfigurationList section */
		43B4D30E1932AB8C00FF6AE4 /* Build configuration list for PBXProject "Demo" */ = {
			isa = XCConfigurationList;
			buildConfigurations = (
				43B4D33D1932AB8C00FF6AE4 /* Debug */,
				43B4D33E1932AB8C00FF6AE4 /* Release */,
			);
			defaultConfigurationIsVisible = 0;
			defaultConfigurationName = Release;
		};
		43B4D33F1932AB8C00FF6AE4 /* Build configuration list for PBXNativeTarget "Demo" */ = {
			isa = XCConfigurationList;
			buildConfigurations = (
				43B4D3401932AB8C00FF6AE4 /* Debug */,
				43B4D3411932AB8C00FF6AE4 /* Release */,
			);
			defaultConfigurationIsVisible = 0;
			defaultConfigurationName = Release;
		};
		43B4D3421932AB8C00FF6AE4 /* Build configuration list for PBXNativeTarget "DemoTests" */ = {
			isa = XCConfigurationList;
			buildConfigurations = (
				43B4D3431932AB8C00FF6AE4 /* Debug */,
				43B4D3441932AB8C00FF6AE4 /* Release */,
			);
			defaultConfigurationIsVisible = 0;
			defaultConfigurationName = Release;
		};
/* End XCConfigurationList section */
	};
	rootObject = 43B4D30B1932AB8C00FF6AE4 /* Project object */;
}
